{
  "name": "ham",
  "version": "1.0.0",
  "lockfileVersion": 3,
  "requires": true,
  "packages": {
    "": {
      "name": "ham",
      "version": "1.0.0",
      "license": "ISC",
      "dependencies": {
        "jsbarcode": "^3.12.3",
        "xlsx": "https://cdn.sheetjs.com/xlsx-0.20.3/xlsx-0.20.3.tgz"
      }
    },
    "node_modules/jsbarcode": {
      "version": "3.12.3",
      "resolved": "https://registry.npmjs.org/jsbarcode/-/jsbarcode-3.12.3.tgz",
      "integrity": "sha512-CuHU9hC6dPsHF5oVFMo8NW76uQVjH4L22CsP4hW+dNnGywJHC/B0ThA1CTDVLnxKLrrpYdicBLnd2xsgTfRnvg==",
      "license": "MIT"
    },
    "node_modules/xlsx": {
      "version": "0.20.3",
      "resolved": "https://cdn.sheetjs.com/xlsx-0.20.3/xlsx-0.20.3.tgz",
      "integrity": "sha512-oLDq3jw7AcLqKWH2AhCpVTZl8mf6X2YReP+Neh0SJUzV/BdZYjth94tG5toiMB1PPrYtxOCfaoUCkvtuH+3AJA==",
      "license": "Apache-2.0",
      "bin": {
        "xlsx": "bin/xlsx.njs"
      },
      "engines": {
        "node": ">=0.8"
      }
    }
  }
}
